// !$*UTF8*$!
{
	archiveVersion = 1;
	classes = {
	};
	objectVersion = 52;
	objects = {

/* Begin PBXBuildFile section */
		83135B3023D1EB4E0072F005 /* EventHandler.swift in Sources */ = {isa = PBXBuildFile; fileRef = 83135B2F23D1EB4E0072F005 /* EventHandler.swift */; };
		83135B3223D1EDAF0072F005 /* EventHandlerTests.swift in Sources */ = {isa = PBXBuildFile; fileRef = 83135B3123D1EDAF0072F005 /* EventHandlerTests.swift */; };
		8321F6E423D1B3C70027A212 /* ICloudUserDefault.swift in Sources */ = {isa = PBXBuildFile; fileRef = 8321F6E323D1B3C70027A212 /* ICloudUserDefault.swift */; };
		8321F6E723D1C6140027A212 /* UserAvatarView.swift in Sources */ = {isa = PBXBuildFile; fileRef = 8321F6E623D1C6140027A212 /* UserAvatarView.swift */; };
		83376DF423D86F4100AFBAEA /* Nimble in Frameworks */ = {isa = PBXBuildFile; productRef = 83376DF323D86F4100AFBAEA /* Nimble */; };
		834B700923D0951800CC3BA2 /* AppDelegate.swift in Sources */ = {isa = PBXBuildFile; fileRef = 834B700823D0951800CC3BA2 /* AppDelegate.swift */; };
		834B700B23D0951800CC3BA2 /* SceneDelegate.swift in Sources */ = {isa = PBXBuildFile; fileRef = 834B700A23D0951800CC3BA2 /* SceneDelegate.swift */; };
		834B700D23D0951800CC3BA2 /* JoinRoomView.swift in Sources */ = {isa = PBXBuildFile; fileRef = 834B700C23D0951800CC3BA2 /* JoinRoomView.swift */; };
		834B700F23D0951B00CC3BA2 /* Assets.xcassets in Resources */ = {isa = PBXBuildFile; fileRef = 834B700E23D0951B00CC3BA2 /* Assets.xcassets */; };
		834B701223D0951B00CC3BA2 /* Preview Assets.xcassets in Resources */ = {isa = PBXBuildFile; fileRef = 834B701123D0951B00CC3BA2 /* Preview Assets.xcassets */; };
		834B701523D0951B00CC3BA2 /* LaunchScreen.storyboard in Resources */ = {isa = PBXBuildFile; fileRef = 834B701323D0951B00CC3BA2 /* LaunchScreen.storyboard */; };
		8392EA8323D74273005CAE07 /* StartEstimationFormView.swift in Sources */ = {isa = PBXBuildFile; fileRef = 8392EA8223D74273005CAE07 /* StartEstimationFormView.swift */; };
		83A55E0623D5BF2600496561 /* DateFormatter+CustomFormat.swift in Sources */ = {isa = PBXBuildFile; fileRef = 83A55E0523D5BF2600496561 /* DateFormatter+CustomFormat.swift */; };
		83A55E0923D5F0DA00496561 /* NotYetStartedView.swift in Sources */ = {isa = PBXBuildFile; fileRef = 83A55E0823D5F0DA00496561 /* NotYetStartedView.swift */; };
		83A55E0B23D5F24E00496561 /* InProgressView.swift in Sources */ = {isa = PBXBuildFile; fileRef = 83A55E0A23D5F24E00496561 /* InProgressView.swift */; };
		83A55E0D23D5F28100496561 /* EndedView.swift in Sources */ = {isa = PBXBuildFile; fileRef = 83A55E0C23D5F28100496561 /* EndedView.swift */; };
		83A55E0F23D7129D00496561 /* ParticipantsView.swift in Sources */ = {isa = PBXBuildFile; fileRef = 83A55E0E23D7129D00496561 /* ParticipantsView.swift */; };
		83E1D4AB23F167A1007BFADE /* AppState.swift in Sources */ = {isa = PBXBuildFile; fileRef = 83E1D4AA23F167A1007BFADE /* AppState.swift */; };
		83E1D4AD23F16FAC007BFADE /* View+EmbedInNavigationView.swift in Sources */ = {isa = PBXBuildFile; fileRef = 83E1D4AC23F16FAC007BFADE /* View+EmbedInNavigationView.swift */; };
		83E1D4AF23F18E1C007BFADE /* UITestingUtils.swift in Sources */ = {isa = PBXBuildFile; fileRef = 83E1D4AE23F18E1C007BFADE /* UITestingUtils.swift */; };
		83E89FDB23E4DD910060CDC3 /* SnapshotHelper.swift in Sources */ = {isa = PBXBuildFile; fileRef = 83E89FDA23E4DD910060CDC3 /* SnapshotHelper.swift */; };
		83E89FDE23E59BB80060CDC3 /* Localizable.strings in Resources */ = {isa = PBXBuildFile; fileRef = 83E89FE023E59BB80060CDC3 /* Localizable.strings */; };
		83E89FE323E86ECB0060CDC3 /* ImageCache.swift in Sources */ = {isa = PBXBuildFile; fileRef = 83E89FE223E86ECB0060CDC3 /* ImageCache.swift */; };
		83EA2C8923E456F3003DE6AE /* PlanningPokerUITests.swift in Sources */ = {isa = PBXBuildFile; fileRef = 83EA2C8823E456F3003DE6AE /* PlanningPokerUITests.swift */; };
		83EA2C9123E457A4003DE6AE /* XCUITest+TextInput.swift in Sources */ = {isa = PBXBuildFile; fileRef = 83EA2C9023E457A4003DE6AE /* XCUITest+TextInput.swift */; };
		83F8ED1323D8A7C3006E76AB /* PokerCardView.swift in Sources */ = {isa = PBXBuildFile; fileRef = 83F8ED1223D8A7C2006E76AB /* PokerCardView.swift */; };
		83F8ED1523D8A7E5006E76AB /* View+HiddenModifier.swift in Sources */ = {isa = PBXBuildFile; fileRef = 83F8ED1423D8A7E5006E76AB /* View+HiddenModifier.swift */; };
		83F8ED1C23D8C168006E76AB /* PokerCardDeckView.swift in Sources */ = {isa = PBXBuildFile; fileRef = 83F8ED1B23D8C168006E76AB /* PokerCardDeckView.swift */; };
		83F8ED1E23D8C5BC006E76AB /* Haptics.swift in Sources */ = {isa = PBXBuildFile; fileRef = 83F8ED1D23D8C5BC006E76AB /* Haptics.swift */; };
		F54BEDC523DF2AEB0095E098 /* AppStateTests.swift in Sources */ = {isa = PBXBuildFile; fileRef = F54BEDC423DF2AEB0095E098 /* AppStateTests.swift */; };
		F54BEDC823DF3B3B0095E098 /* SDWebImageSwiftUI in Frameworks */ = {isa = PBXBuildFile; productRef = F54BEDC723DF3B3B0095E098 /* SDWebImageSwiftUI */; };
		F54BEDCF23DF41340095E098 /* PieChartView.swift in Sources */ = {isa = PBXBuildFile; fileRef = F54BEDCE23DF41340095E098 /* PieChartView.swift */; };
		F54BEDD423E2FAD00095E098 /* PieChartSegmentLabelView.swift in Sources */ = {isa = PBXBuildFile; fileRef = F54BEDD323E2FAD00095E098 /* PieChartSegmentLabelView.swift */; };
		F54BEDD623E324F10095E098 /* PieChartSegmentView.swift in Sources */ = {isa = PBXBuildFile; fileRef = F54BEDD523E324F10095E098 /* PieChartSegmentView.swift */; };
		F565155F23F6DF76008AB6F9 /* SocketClient.swift in Sources */ = {isa = PBXBuildFile; fileRef = F565155E23F6DF76008AB6F9 /* SocketClient.swift */; };
		F578883623D0A7380019DF23 /* Starscream in Frameworks */ = {isa = PBXBuildFile; productRef = F578883523D0A7380019DF23 /* Starscream */; };
		F578883823D0A7A70019DF23 /* Store.swift in Sources */ = {isa = PBXBuildFile; fileRef = F578883723D0A7A70019DF23 /* Store.swift */; };
		F578883A23D0AA030019DF23 /* RoomView.swift in Sources */ = {isa = PBXBuildFile; fileRef = F578883923D0AA030019DF23 /* RoomView.swift */; };
		F57B768A23D0CD6000732C71 /* Events.swift in Sources */ = {isa = PBXBuildFile; fileRef = F57B768923D0CD6000732C71 /* Events.swift */; };
		F57B768F23D1CF5100732C71 /* EventParser.swift in Sources */ = {isa = PBXBuildFile; fileRef = F57B768E23D1CF5100732C71 /* EventParser.swift */; };
		F57B769123D1D54100732C71 /* EventParserTests.swift in Sources */ = {isa = PBXBuildFile; fileRef = F57B769023D1D54100732C71 /* EventParserTests.swift */; };
/* End PBXBuildFile section */

/* Begin PBXContainerItemProxy section */
		83D377B223D9B7110019A4DB /* PBXContainerItemProxy */ = {
			isa = PBXContainerItemProxy;
			containerPortal = 834B6FFD23D0951800CC3BA2 /* Project object */;
			proxyType = 1;
			remoteGlobalIDString = 834B700423D0951800CC3BA2;
			remoteInfo = PlanningPoker;
		};
		83EA2C8B23E456F3003DE6AE /* PBXContainerItemProxy */ = {
			isa = PBXContainerItemProxy;
			containerPortal = 834B6FFD23D0951800CC3BA2 /* Project object */;
			proxyType = 1;
			remoteGlobalIDString = 834B700423D0951800CC3BA2;
			remoteInfo = PlanningPoker;
		};
/* End PBXContainerItemProxy section */

/* Begin PBXFileReference section */
		83135B2F23D1EB4E0072F005 /* EventHandler.swift */ = {isa = PBXFileReference; lastKnownFileType = sourcecode.swift; path = EventHandler.swift; sourceTree = "<group>"; };
		83135B3123D1EDAF0072F005 /* EventHandlerTests.swift */ = {isa = PBXFileReference; lastKnownFileType = sourcecode.swift; path = EventHandlerTests.swift; sourceTree = "<group>"; };
		8321F6E323D1B3C70027A212 /* ICloudUserDefault.swift */ = {isa = PBXFileReference; lastKnownFileType = sourcecode.swift; path = ICloudUserDefault.swift; sourceTree = "<group>"; };
		8321F6E523D1B4950027A212 /* PlanningPoker.entitlements */ = {isa = PBXFileReference; lastKnownFileType = text.plist.entitlements; path = PlanningPoker.entitlements; sourceTree = "<group>"; };
		8321F6E623D1C6140027A212 /* UserAvatarView.swift */ = {isa = PBXFileReference; lastKnownFileType = sourcecode.swift; path = UserAvatarView.swift; sourceTree = "<group>"; };
		834B700523D0951800CC3BA2 /* Planning Poker.app */ = {isa = PBXFileReference; explicitFileType = wrapper.application; includeInIndex = 0; path = "Planning Poker.app"; sourceTree = BUILT_PRODUCTS_DIR; };
		834B700823D0951800CC3BA2 /* AppDelegate.swift */ = {isa = PBXFileReference; lastKnownFileType = sourcecode.swift; path = AppDelegate.swift; sourceTree = "<group>"; };
		834B700A23D0951800CC3BA2 /* SceneDelegate.swift */ = {isa = PBXFileReference; lastKnownFileType = sourcecode.swift; path = SceneDelegate.swift; sourceTree = "<group>"; };
		834B700C23D0951800CC3BA2 /* JoinRoomView.swift */ = {isa = PBXFileReference; lastKnownFileType = sourcecode.swift; path = JoinRoomView.swift; sourceTree = "<group>"; };
		834B700E23D0951B00CC3BA2 /* Assets.xcassets */ = {isa = PBXFileReference; lastKnownFileType = folder.assetcatalog; path = Assets.xcassets; sourceTree = "<group>"; };
		834B701123D0951B00CC3BA2 /* Preview Assets.xcassets */ = {isa = PBXFileReference; lastKnownFileType = folder.assetcatalog; path = "Preview Assets.xcassets"; sourceTree = "<group>"; };
		834B701423D0951B00CC3BA2 /* Base */ = {isa = PBXFileReference; lastKnownFileType = file.storyboard; name = Base; path = Base.lproj/LaunchScreen.storyboard; sourceTree = "<group>"; };
		834B701623D0951B00CC3BA2 /* Info.plist */ = {isa = PBXFileReference; lastKnownFileType = text.plist.xml; path = Info.plist; sourceTree = "<group>"; };
		834B701B23D0951B00CC3BA2 /* PlanningPokerTests.xctest */ = {isa = PBXFileReference; explicitFileType = wrapper.cfbundle; includeInIndex = 0; path = PlanningPokerTests.xctest; sourceTree = BUILT_PRODUCTS_DIR; };
		834B702123D0951B00CC3BA2 /* Info.plist */ = {isa = PBXFileReference; lastKnownFileType = text.plist.xml; path = Info.plist; sourceTree = "<group>"; };
		8392EA8223D74273005CAE07 /* StartEstimationFormView.swift */ = {isa = PBXFileReference; lastKnownFileType = sourcecode.swift; path = StartEstimationFormView.swift; sourceTree = "<group>"; };
		83A55E0523D5BF2600496561 /* DateFormatter+CustomFormat.swift */ = {isa = PBXFileReference; lastKnownFileType = sourcecode.swift; path = "DateFormatter+CustomFormat.swift"; sourceTree = "<group>"; };
		83A55E0823D5F0DA00496561 /* NotYetStartedView.swift */ = {isa = PBXFileReference; lastKnownFileType = sourcecode.swift; path = NotYetStartedView.swift; sourceTree = "<group>"; };
		83A55E0A23D5F24E00496561 /* InProgressView.swift */ = {isa = PBXFileReference; lastKnownFileType = sourcecode.swift; path = InProgressView.swift; sourceTree = "<group>"; };
		83A55E0C23D5F28100496561 /* EndedView.swift */ = {isa = PBXFileReference; lastKnownFileType = sourcecode.swift; path = EndedView.swift; sourceTree = "<group>"; };
		83A55E0E23D7129D00496561 /* ParticipantsView.swift */ = {isa = PBXFileReference; lastKnownFileType = sourcecode.swift; path = ParticipantsView.swift; sourceTree = "<group>"; };
		83E1D4AA23F167A1007BFADE /* AppState.swift */ = {isa = PBXFileReference; lastKnownFileType = sourcecode.swift; path = AppState.swift; sourceTree = "<group>"; };
		83E1D4AC23F16FAC007BFADE /* View+EmbedInNavigationView.swift */ = {isa = PBXFileReference; lastKnownFileType = sourcecode.swift; path = "View+EmbedInNavigationView.swift"; sourceTree = "<group>"; };
		83E1D4AE23F18E1C007BFADE /* UITestingUtils.swift */ = {isa = PBXFileReference; lastKnownFileType = sourcecode.swift; path = UITestingUtils.swift; sourceTree = "<group>"; };
		83E1D4B023F1CDD8007BFADE /* es */ = {isa = PBXFileReference; lastKnownFileType = text.plist.strings; name = es; path = es.lproj/Localizable.strings; sourceTree = "<group>"; };
		83E89FDA23E4DD910060CDC3 /* SnapshotHelper.swift */ = {isa = PBXFileReference; fileEncoding = 4; lastKnownFileType = sourcecode.swift; path = SnapshotHelper.swift; sourceTree = "<group>"; };
		83E89FDF23E59BB80060CDC3 /* en */ = {isa = PBXFileReference; lastKnownFileType = text.plist.strings; name = en; path = en.lproj/Localizable.strings; sourceTree = "<group>"; };
		83E89FE123E59C1F0060CDC3 /* de */ = {isa = PBXFileReference; lastKnownFileType = text.plist.strings; name = de; path = de.lproj/Localizable.strings; sourceTree = "<group>"; };
		83E89FE223E86ECB0060CDC3 /* ImageCache.swift */ = {isa = PBXFileReference; lastKnownFileType = sourcecode.swift; path = ImageCache.swift; sourceTree = "<group>"; };
		83EA2C8623E456F3003DE6AE /* PlanningPokerUITests.xctest */ = {isa = PBXFileReference; explicitFileType = wrapper.cfbundle; includeInIndex = 0; path = PlanningPokerUITests.xctest; sourceTree = BUILT_PRODUCTS_DIR; };
		83EA2C8823E456F3003DE6AE /* PlanningPokerUITests.swift */ = {isa = PBXFileReference; lastKnownFileType = sourcecode.swift; path = PlanningPokerUITests.swift; sourceTree = "<group>"; };
		83EA2C8A23E456F3003DE6AE /* Info.plist */ = {isa = PBXFileReference; lastKnownFileType = text.plist.xml; path = Info.plist; sourceTree = "<group>"; };
		83EA2C9023E457A4003DE6AE /* XCUITest+TextInput.swift */ = {isa = PBXFileReference; lastKnownFileType = sourcecode.swift; path = "XCUITest+TextInput.swift"; sourceTree = "<group>"; };
		83F8ED1223D8A7C2006E76AB /* PokerCardView.swift */ = {isa = PBXFileReference; fileEncoding = 4; lastKnownFileType = sourcecode.swift; path = PokerCardView.swift; sourceTree = "<group>"; };
		83F8ED1423D8A7E5006E76AB /* View+HiddenModifier.swift */ = {isa = PBXFileReference; fileEncoding = 4; lastKnownFileType = sourcecode.swift; path = "View+HiddenModifier.swift"; sourceTree = "<group>"; };
		83F8ED1B23D8C168006E76AB /* PokerCardDeckView.swift */ = {isa = PBXFileReference; fileEncoding = 4; lastKnownFileType = sourcecode.swift; path = PokerCardDeckView.swift; sourceTree = "<group>"; };
		83F8ED1D23D8C5BC006E76AB /* Haptics.swift */ = {isa = PBXFileReference; lastKnownFileType = sourcecode.swift; path = Haptics.swift; sourceTree = "<group>"; };
		F54BEDC423DF2AEB0095E098 /* AppStateTests.swift */ = {isa = PBXFileReference; lastKnownFileType = sourcecode.swift; path = AppStateTests.swift; sourceTree = "<group>"; };
		F54BEDCE23DF41340095E098 /* PieChartView.swift */ = {isa = PBXFileReference; lastKnownFileType = sourcecode.swift; path = PieChartView.swift; sourceTree = "<group>"; };
		F54BEDD323E2FAD00095E098 /* PieChartSegmentLabelView.swift */ = {isa = PBXFileReference; lastKnownFileType = sourcecode.swift; path = PieChartSegmentLabelView.swift; sourceTree = "<group>"; };
		F54BEDD523E324F10095E098 /* PieChartSegmentView.swift */ = {isa = PBXFileReference; lastKnownFileType = sourcecode.swift; path = PieChartSegmentView.swift; sourceTree = "<group>"; };
		F565155E23F6DF76008AB6F9 /* SocketClient.swift */ = {isa = PBXFileReference; lastKnownFileType = sourcecode.swift; path = SocketClient.swift; sourceTree = "<group>"; };
		F578883723D0A7A70019DF23 /* Store.swift */ = {isa = PBXFileReference; lastKnownFileType = sourcecode.swift; path = Store.swift; sourceTree = "<group>"; };
		F578883923D0AA030019DF23 /* RoomView.swift */ = {isa = PBXFileReference; lastKnownFileType = sourcecode.swift; path = RoomView.swift; sourceTree = "<group>"; };
		F57B768923D0CD6000732C71 /* Events.swift */ = {isa = PBXFileReference; fileEncoding = 4; lastKnownFileType = sourcecode.swift; path = Events.swift; sourceTree = "<group>"; };
		F57B768E23D1CF5100732C71 /* EventParser.swift */ = {isa = PBXFileReference; lastKnownFileType = sourcecode.swift; path = EventParser.swift; sourceTree = "<group>"; };
		F57B769023D1D54100732C71 /* EventParserTests.swift */ = {isa = PBXFileReference; lastKnownFileType = sourcecode.swift; path = EventParserTests.swift; sourceTree = "<group>"; };
/* End PBXFileReference section */

/* Begin PBXFrameworksBuildPhase section */
		834B700223D0951800CC3BA2 /* Frameworks */ = {
			isa = PBXFrameworksBuildPhase;
			buildActionMask = 2147483647;
			files = (
				F54BEDC823DF3B3B0095E098 /* SDWebImageSwiftUI in Frameworks */,
				F578883623D0A7380019DF23 /* Starscream in Frameworks */,
			);
			runOnlyForDeploymentPostprocessing = 0;
		};
		834B701823D0951B00CC3BA2 /* Frameworks */ = {
			isa = PBXFrameworksBuildPhase;
			buildActionMask = 2147483647;
			files = (
				83376DF423D86F4100AFBAEA /* Nimble in Frameworks */,
			);
			runOnlyForDeploymentPostprocessing = 0;
		};
		83EA2C8323E456F3003DE6AE /* Frameworks */ = {
			isa = PBXFrameworksBuildPhase;
			buildActionMask = 2147483647;
			files = (
			);
			runOnlyForDeploymentPostprocessing = 0;
		};
/* End PBXFrameworksBuildPhase section */

/* Begin PBXGroup section */
		83135B2E23D1EAFB0072F005 /* View */ = {
			isa = PBXGroup;
			children = (
				834B700C23D0951800CC3BA2 /* JoinRoomView.swift */,
				83A55E0723D5F0A800496561 /* Room */,
				8321F6E623D1C6140027A212 /* UserAvatarView.swift */,
			);
			path = View;
			sourceTree = "<group>";
		};
		83376DF223D86F4100AFBAEA /* Frameworks */ = {
			isa = PBXGroup;
			children = (
			);
			name = Frameworks;
			sourceTree = "<group>";
		};
		834B6FFC23D0951800CC3BA2 = {
			isa = PBXGroup;
			children = (
				834B700723D0951800CC3BA2 /* PlanningPoker */,
				834B701E23D0951B00CC3BA2 /* PlanningPokerTests */,
				83EA2C8723E456F3003DE6AE /* PlanningPokerUITests */,
				834B700623D0951800CC3BA2 /* Products */,
				83376DF223D86F4100AFBAEA /* Frameworks */,
			);
			sourceTree = "<group>";
		};
		834B700623D0951800CC3BA2 /* Products */ = {
			isa = PBXGroup;
			children = (
				834B700523D0951800CC3BA2 /* Planning Poker.app */,
				834B701B23D0951B00CC3BA2 /* PlanningPokerTests.xctest */,
				83EA2C8623E456F3003DE6AE /* PlanningPokerUITests.xctest */,
			);
			name = Products;
			sourceTree = "<group>";
		};
		834B700723D0951800CC3BA2 /* PlanningPoker */ = {
			isa = PBXGroup;
			children = (
				834B700823D0951800CC3BA2 /* AppDelegate.swift */,
				834B700A23D0951800CC3BA2 /* SceneDelegate.swift */,
				83135B2E23D1EAFB0072F005 /* View */,
				83F8ED1F23D8C5CF006E76AB /* Event handling */,
				83A55E0423D5BF0E00496561 /* Extensions */,
				83F8ED2023D8C5EF006E76AB /* Util */,
				834B700E23D0951B00CC3BA2 /* Assets.xcassets */,
				834B701323D0951B00CC3BA2 /* LaunchScreen.storyboard */,
				834B701623D0951B00CC3BA2 /* Info.plist */,
				8321F6E523D1B4950027A212 /* PlanningPoker.entitlements */,
				83E89FE023E59BB80060CDC3 /* Localizable.strings */,
				834B701023D0951B00CC3BA2 /* Preview Content */,
			);
			path = PlanningPoker;
			sourceTree = "<group>";
		};
		834B701023D0951B00CC3BA2 /* Preview Content */ = {
			isa = PBXGroup;
			children = (
				834B701123D0951B00CC3BA2 /* Preview Assets.xcassets */,
			);
			path = "Preview Content";
			sourceTree = "<group>";
		};
		834B701E23D0951B00CC3BA2 /* PlanningPokerTests */ = {
			isa = PBXGroup;
			children = (
				834B702123D0951B00CC3BA2 /* Info.plist */,
				F57B769023D1D54100732C71 /* EventParserTests.swift */,
				83135B3123D1EDAF0072F005 /* EventHandlerTests.swift */,
				F54BEDC423DF2AEB0095E098 /* AppStateTests.swift */,
			);
			path = PlanningPokerTests;
			sourceTree = "<group>";
		};
		83A55E0423D5BF0E00496561 /* Extensions */ = {
			isa = PBXGroup;
			children = (
				83F8ED1423D8A7E5006E76AB /* View+HiddenModifier.swift */,
				83A55E0523D5BF2600496561 /* DateFormatter+CustomFormat.swift */,
				83E1D4AC23F16FAC007BFADE /* View+EmbedInNavigationView.swift */,
			);
			path = Extensions;
			sourceTree = "<group>";
		};
		83A55E0723D5F0A800496561 /* Room */ = {
			isa = PBXGroup;
			children = (
				F578883923D0AA030019DF23 /* RoomView.swift */,
				F54BEDD023E034B20095E098 /* NotStarted */,
				F54BEDD123E034BF0095E098 /* InProgress */,
				F54BEDD223E034DA0095E098 /* Ended */,
				83A55E0E23D7129D00496561 /* ParticipantsView.swift */,
				8392EA8223D74273005CAE07 /* StartEstimationFormView.swift */,
			);
			path = Room;
			sourceTree = "<group>";
		};
		83EA2C8723E456F3003DE6AE /* PlanningPokerUITests */ = {
			isa = PBXGroup;
			children = (
				83EA2C8823E456F3003DE6AE /* PlanningPokerUITests.swift */,
				83EA2C8A23E456F3003DE6AE /* Info.plist */,
				83E89FDA23E4DD910060CDC3 /* SnapshotHelper.swift */,
				83EA2C9023E457A4003DE6AE /* XCUITest+TextInput.swift */,
			);
			path = PlanningPokerUITests;
			sourceTree = "<group>";
		};
		83F8ED1F23D8C5CF006E76AB /* Event handling */ = {
			isa = PBXGroup;
			children = (
				F578883723D0A7A70019DF23 /* Store.swift */,
				83E1D4AA23F167A1007BFADE /* AppState.swift */,
				F57B768923D0CD6000732C71 /* Events.swift */,
				F57B768E23D1CF5100732C71 /* EventParser.swift */,
				83135B2F23D1EB4E0072F005 /* EventHandler.swift */,
				F565155E23F6DF76008AB6F9 /* SocketClient.swift */,
			);
			path = "Event handling";
			sourceTree = "<group>";
		};
		83F8ED2023D8C5EF006E76AB /* Util */ = {
			isa = PBXGroup;
			children = (
				8321F6E323D1B3C70027A212 /* ICloudUserDefault.swift */,
				83F8ED1D23D8C5BC006E76AB /* Haptics.swift */,
				83E89FE223E86ECB0060CDC3 /* ImageCache.swift */,
				83E1D4AE23F18E1C007BFADE /* UITestingUtils.swift */,
			);
			path = Util;
			sourceTree = "<group>";
		};
		F54BEDD023E034B20095E098 /* NotStarted */ = {
			isa = PBXGroup;
			children = (
				83A55E0823D5F0DA00496561 /* NotYetStartedView.swift */,
			);
			path = NotStarted;
			sourceTree = "<group>";
		};
		F54BEDD123E034BF0095E098 /* InProgress */ = {
			isa = PBXGroup;
			children = (
				83A55E0A23D5F24E00496561 /* InProgressView.swift */,
				83F8ED1B23D8C168006E76AB /* PokerCardDeckView.swift */,
				83F8ED1223D8A7C2006E76AB /* PokerCardView.swift */,
			);
			path = InProgress;
			sourceTree = "<group>";
		};
		F54BEDD223E034DA0095E098 /* Ended */ = {
			isa = PBXGroup;
			children = (
				83A55E0C23D5F28100496561 /* EndedView.swift */,
				F54BEDCE23DF41340095E098 /* PieChartView.swift */,
				F54BEDD523E324F10095E098 /* PieChartSegmentView.swift */,
				F54BEDD323E2FAD00095E098 /* PieChartSegmentLabelView.swift */,
			);
			path = Ended;
			sourceTree = "<group>";
		};
/* End PBXGroup section */

/* Begin PBXNativeTarget section */
		834B700423D0951800CC3BA2 /* PlanningPoker */ = {
			isa = PBXNativeTarget;
			buildConfigurationList = 834B702423D0951B00CC3BA2 /* Build configuration list for PBXNativeTarget "PlanningPoker" */;
			buildPhases = (
				834B700123D0951800CC3BA2 /* Sources */,
				834B700223D0951800CC3BA2 /* Frameworks */,
				834B700323D0951800CC3BA2 /* Resources */,
			);
			buildRules = (
			);
			dependencies = (
			);
			name = PlanningPoker;
			packageProductDependencies = (
				F578883523D0A7380019DF23 /* Starscream */,
				F54BEDC723DF3B3B0095E098 /* SDWebImageSwiftUI */,
			);
			productName = PlanningPoker;
			productReference = 834B700523D0951800CC3BA2 /* Planning Poker.app */;
			productType = "com.apple.product-type.application";
		};
		834B701A23D0951B00CC3BA2 /* PlanningPokerTests */ = {
			isa = PBXNativeTarget;
			buildConfigurationList = 834B702723D0951B00CC3BA2 /* Build configuration list for PBXNativeTarget "PlanningPokerTests" */;
			buildPhases = (
				834B701723D0951B00CC3BA2 /* Sources */,
				834B701823D0951B00CC3BA2 /* Frameworks */,
				834B701923D0951B00CC3BA2 /* Resources */,
			);
			buildRules = (
			);
			dependencies = (
				83D377B323D9B7110019A4DB /* PBXTargetDependency */,
			);
			name = PlanningPokerTests;
			packageProductDependencies = (
				83376DF323D86F4100AFBAEA /* Nimble */,
			);
			productName = PlanningPokerTests;
			productReference = 834B701B23D0951B00CC3BA2 /* PlanningPokerTests.xctest */;
			productType = "com.apple.product-type.bundle.unit-test";
		};
		83EA2C8523E456F3003DE6AE /* PlanningPokerUITests */ = {
			isa = PBXNativeTarget;
			buildConfigurationList = 83EA2C8D23E456F3003DE6AE /* Build configuration list for PBXNativeTarget "PlanningPokerUITests" */;
			buildPhases = (
				83EA2C8223E456F3003DE6AE /* Sources */,
				83EA2C8323E456F3003DE6AE /* Frameworks */,
				83EA2C8423E456F3003DE6AE /* Resources */,
			);
			buildRules = (
			);
			dependencies = (
				83EA2C8C23E456F3003DE6AE /* PBXTargetDependency */,
			);
			name = PlanningPokerUITests;
			productName = "Planning PokerUITests";
			productReference = 83EA2C8623E456F3003DE6AE /* PlanningPokerUITests.xctest */;
			productType = "com.apple.product-type.bundle.ui-testing";
		};
/* End PBXNativeTarget section */

/* Begin PBXProject section */
		834B6FFD23D0951800CC3BA2 /* Project object */ = {
			isa = PBXProject;
			attributes = {
				LastSwiftUpdateCheck = 1130;
				LastUpgradeCheck = 1130;
				ORGANIZATIONNAME = "Christian Stangier";
				TargetAttributes = {
					834B700423D0951800CC3BA2 = {
						CreatedOnToolsVersion = 11.3.1;
					};
					834B701A23D0951B00CC3BA2 = {
						CreatedOnToolsVersion = 11.3.1;
						TestTargetID = 834B700423D0951800CC3BA2;
					};
					83EA2C8523E456F3003DE6AE = {
						CreatedOnToolsVersion = 11.3.1;
						TestTargetID = 834B700423D0951800CC3BA2;
					};
				};
			};
			buildConfigurationList = 834B700023D0951800CC3BA2 /* Build configuration list for PBXProject "PlanningPoker" */;
			compatibilityVersion = "Xcode 11.0";
			developmentRegion = en;
			hasScannedForEncodings = 0;
			knownRegions = (
				en,
				Base,
				de,
				es,
			);
			mainGroup = 834B6FFC23D0951800CC3BA2;
			packageReferences = (
				F578883423D0A7380019DF23 /* XCRemoteSwiftPackageReference "Starscream" */,
				F57B768B23D1CD2700732C71 /* XCRemoteSwiftPackageReference "Nimble" */,
				F54BEDC623DF3B3B0095E098 /* XCRemoteSwiftPackageReference "SDWebImageSwiftUI" */,
			);
			productRefGroup = 834B700623D0951800CC3BA2 /* Products */;
			projectDirPath = "";
			projectRoot = "";
			targets = (
				834B700423D0951800CC3BA2 /* PlanningPoker */,
				834B701A23D0951B00CC3BA2 /* PlanningPokerTests */,
				83EA2C8523E456F3003DE6AE /* PlanningPokerUITests */,
			);
		};
/* End PBXProject section */

/* Begin PBXResourcesBuildPhase section */
		834B700323D0951800CC3BA2 /* Resources */ = {
			isa = PBXResourcesBuildPhase;
			buildActionMask = 2147483647;
			files = (
				834B701523D0951B00CC3BA2 /* LaunchScreen.storyboard in Resources */,
				83E89FDE23E59BB80060CDC3 /* Localizable.strings in Resources */,
				834B701223D0951B00CC3BA2 /* Preview Assets.xcassets in Resources */,
				834B700F23D0951B00CC3BA2 /* Assets.xcassets in Resources */,
			);
			runOnlyForDeploymentPostprocessing = 0;
		};
		834B701923D0951B00CC3BA2 /* Resources */ = {
			isa = PBXResourcesBuildPhase;
			buildActionMask = 2147483647;
			files = (
			);
			runOnlyForDeploymentPostprocessing = 0;
		};
		83EA2C8423E456F3003DE6AE /* Resources */ = {
			isa = PBXResourcesBuildPhase;
			buildActionMask = 2147483647;
			files = (
			);
			runOnlyForDeploymentPostprocessing = 0;
		};
/* End PBXResourcesBuildPhase section */

/* Begin PBXSourcesBuildPhase section */
		834B700123D0951800CC3BA2 /* Sources */ = {
			isa = PBXSourcesBuildPhase;
			buildActionMask = 2147483647;
			files = (
				83A55E0B23D5F24E00496561 /* InProgressView.swift in Sources */,
				8321F6E723D1C6140027A212 /* UserAvatarView.swift in Sources */,
				83E1D4AD23F16FAC007BFADE /* View+EmbedInNavigationView.swift in Sources */,
				8392EA8323D74273005CAE07 /* StartEstimationFormView.swift in Sources */,
				F57B768A23D0CD6000732C71 /* Events.swift in Sources */,
				83F8ED1523D8A7E5006E76AB /* View+HiddenModifier.swift in Sources */,
				F54BEDD623E324F10095E098 /* PieChartSegmentView.swift in Sources */,
				F54BEDCF23DF41340095E098 /* PieChartView.swift in Sources */,
				8321F6E423D1B3C70027A212 /* ICloudUserDefault.swift in Sources */,
				834B700923D0951800CC3BA2 /* AppDelegate.swift in Sources */,
				83A55E0623D5BF2600496561 /* DateFormatter+CustomFormat.swift in Sources */,
				F57B768F23D1CF5100732C71 /* EventParser.swift in Sources */,
				83A55E0D23D5F28100496561 /* EndedView.swift in Sources */,
				834B700B23D0951800CC3BA2 /* SceneDelegate.swift in Sources */,
				83F8ED1C23D8C168006E76AB /* PokerCardDeckView.swift in Sources */,
				F54BEDD423E2FAD00095E098 /* PieChartSegmentLabelView.swift in Sources */,
				83F8ED1E23D8C5BC006E76AB /* Haptics.swift in Sources */,
				F565155F23F6DF76008AB6F9 /* SocketClient.swift in Sources */,
				83E1D4AB23F167A1007BFADE /* AppState.swift in Sources */,
				F578883A23D0AA030019DF23 /* RoomView.swift in Sources */,
				834B700D23D0951800CC3BA2 /* JoinRoomView.swift in Sources */,
				83E89FE323E86ECB0060CDC3 /* ImageCache.swift in Sources */,
				83A55E0F23D7129D00496561 /* ParticipantsView.swift in Sources */,
				F578883823D0A7A70019DF23 /* Store.swift in Sources */,
				83E1D4AF23F18E1C007BFADE /* UITestingUtils.swift in Sources */,
				83135B3023D1EB4E0072F005 /* EventHandler.swift in Sources */,
				83F8ED1323D8A7C3006E76AB /* PokerCardView.swift in Sources */,
				83A55E0923D5F0DA00496561 /* NotYetStartedView.swift in Sources */,
			);
			runOnlyForDeploymentPostprocessing = 0;
		};
		834B701723D0951B00CC3BA2 /* Sources */ = {
			isa = PBXSourcesBuildPhase;
			buildActionMask = 2147483647;
			files = (
				83135B3223D1EDAF0072F005 /* EventHandlerTests.swift in Sources */,
				F57B769123D1D54100732C71 /* EventParserTests.swift in Sources */,
				F54BEDC523DF2AEB0095E098 /* AppStateTests.swift in Sources */,
			);
			runOnlyForDeploymentPostprocessing = 0;
		};
		83EA2C8223E456F3003DE6AE /* Sources */ = {
			isa = PBXSourcesBuildPhase;
			buildActionMask = 2147483647;
			files = (
				83EA2C9123E457A4003DE6AE /* XCUITest+TextInput.swift in Sources */,
				83EA2C8923E456F3003DE6AE /* PlanningPokerUITests.swift in Sources */,
				83E89FDB23E4DD910060CDC3 /* SnapshotHelper.swift in Sources */,
			);
			runOnlyForDeploymentPostprocessing = 0;
		};
/* End PBXSourcesBuildPhase section */

/* Begin PBXTargetDependency section */
		83D377B323D9B7110019A4DB /* PBXTargetDependency */ = {
			isa = PBXTargetDependency;
			target = 834B700423D0951800CC3BA2 /* PlanningPoker */;
			targetProxy = 83D377B223D9B7110019A4DB /* PBXContainerItemProxy */;
		};
		83EA2C8C23E456F3003DE6AE /* PBXTargetDependency */ = {
			isa = PBXTargetDependency;
			target = 834B700423D0951800CC3BA2 /* PlanningPoker */;
			targetProxy = 83EA2C8B23E456F3003DE6AE /* PBXContainerItemProxy */;
		};
/* End PBXTargetDependency section */

/* Begin PBXVariantGroup section */
		834B701323D0951B00CC3BA2 /* LaunchScreen.storyboard */ = {
			isa = PBXVariantGroup;
			children = (
				834B701423D0951B00CC3BA2 /* Base */,
			);
			name = LaunchScreen.storyboard;
			sourceTree = "<group>";
		};
		83E89FE023E59BB80060CDC3 /* Localizable.strings */ = {
			isa = PBXVariantGroup;
			children = (
				83E89FDF23E59BB80060CDC3 /* en */,
				83E89FE123E59C1F0060CDC3 /* de */,
				83E1D4B023F1CDD8007BFADE /* es */,
			);
			name = Localizable.strings;
			sourceTree = "<group>";
		};
/* End PBXVariantGroup section */

/* Begin XCBuildConfiguration section */
		834B702223D0951B00CC3BA2 /* Debug */ = {
			isa = XCBuildConfiguration;
			buildSettings = {
				ALWAYS_SEARCH_USER_PATHS = NO;
				CLANG_ANALYZER_LOCALIZABILITY_NONLOCALIZED = YES;
				CLANG_ANALYZER_NONNULL = YES;
				CLANG_ANALYZER_NUMBER_OBJECT_CONVERSION = YES_AGGRESSIVE;
				CLANG_CXX_LANGUAGE_STANDARD = "gnu++14";
				CLANG_CXX_LIBRARY = "libc++";
				CLANG_ENABLE_MODULES = YES;
				CLANG_ENABLE_OBJC_ARC = YES;
				CLANG_ENABLE_OBJC_WEAK = YES;
				CLANG_WARN_BLOCK_CAPTURE_AUTORELEASING = YES;
				CLANG_WARN_BOOL_CONVERSION = YES;
				CLANG_WARN_COMMA = YES;
				CLANG_WARN_CONSTANT_CONVERSION = YES;
				CLANG_WARN_DEPRECATED_OBJC_IMPLEMENTATIONS = YES;
				CLANG_WARN_DIRECT_OBJC_ISA_USAGE = YES_ERROR;
				CLANG_WARN_DOCUMENTATION_COMMENTS = YES;
				CLANG_WARN_EMPTY_BODY = YES;
				CLANG_WARN_ENUM_CONVERSION = YES;
				CLANG_WARN_INFINITE_RECURSION = YES;
				CLANG_WARN_INT_CONVERSION = YES;
				CLANG_WARN_NON_LITERAL_NULL_CONVERSION = YES;
				CLANG_WARN_OBJC_IMPLICIT_RETAIN_SELF = YES;
				CLANG_WARN_OBJC_LITERAL_CONVERSION = YES;
				CLANG_WARN_OBJC_ROOT_CLASS = YES_ERROR;
				CLANG_WARN_RANGE_LOOP_ANALYSIS = YES;
				CLANG_WARN_STRICT_PROTOTYPES = YES;
				CLANG_WARN_SUSPICIOUS_MOVE = YES;
				CLANG_WARN_UNGUARDED_AVAILABILITY = YES_AGGRESSIVE;
				CLANG_WARN_UNREACHABLE_CODE = YES;
				CLANG_WARN__DUPLICATE_METHOD_MATCH = YES;
				COPY_PHASE_STRIP = NO;
				DEBUG_INFORMATION_FORMAT = dwarf;
				ENABLE_STRICT_OBJC_MSGSEND = YES;
				ENABLE_TESTABILITY = YES;
				GCC_C_LANGUAGE_STANDARD = gnu11;
				GCC_DYNAMIC_NO_PIC = NO;
				GCC_NO_COMMON_BLOCKS = YES;
				GCC_OPTIMIZATION_LEVEL = 0;
				GCC_PREPROCESSOR_DEFINITIONS = (
					"DEBUG=1",
					"$(inherited)",
				);
				GCC_WARN_64_TO_32_BIT_CONVERSION = YES;
				GCC_WARN_ABOUT_RETURN_TYPE = YES_ERROR;
				GCC_WARN_UNDECLARED_SELECTOR = YES;
				GCC_WARN_UNINITIALIZED_AUTOS = YES_AGGRESSIVE;
				GCC_WARN_UNUSED_FUNCTION = YES;
				GCC_WARN_UNUSED_VARIABLE = YES;
				IPHONEOS_DEPLOYMENT_TARGET = 13.2;
				MTL_ENABLE_DEBUG_INFO = INCLUDE_SOURCE;
				MTL_FAST_MATH = YES;
				ONLY_ACTIVE_ARCH = YES;
				SDKROOT = iphoneos;
				SWIFT_ACTIVE_COMPILATION_CONDITIONS = DEBUG;
				SWIFT_OPTIMIZATION_LEVEL = "-Onone";
			};
			name = Debug;
		};
		834B702323D0951B00CC3BA2 /* Release */ = {
			isa = XCBuildConfiguration;
			buildSettings = {
				ALWAYS_SEARCH_USER_PATHS = NO;
				CLANG_ANALYZER_LOCALIZABILITY_NONLOCALIZED = YES;
				CLANG_ANALYZER_NONNULL = YES;
				CLANG_ANALYZER_NUMBER_OBJECT_CONVERSION = YES_AGGRESSIVE;
				CLANG_CXX_LANGUAGE_STANDARD = "gnu++14";
				CLANG_CXX_LIBRARY = "libc++";
				CLANG_ENABLE_MODULES = YES;
				CLANG_ENABLE_OBJC_ARC = YES;
				CLANG_ENABLE_OBJC_WEAK = YES;
				CLANG_WARN_BLOCK_CAPTURE_AUTORELEASING = YES;
				CLANG_WARN_BOOL_CONVERSION = YES;
				CLANG_WARN_COMMA = YES;
				CLANG_WARN_CONSTANT_CONVERSION = YES;
				CLANG_WARN_DEPRECATED_OBJC_IMPLEMENTATIONS = YES;
				CLANG_WARN_DIRECT_OBJC_ISA_USAGE = YES_ERROR;
				CLANG_WARN_DOCUMENTATION_COMMENTS = YES;
				CLANG_WARN_EMPTY_BODY = YES;
				CLANG_WARN_ENUM_CONVERSION = YES;
				CLANG_WARN_INFINITE_RECURSION = YES;
				CLANG_WARN_INT_CONVERSION = YES;
				CLANG_WARN_NON_LITERAL_NULL_CONVERSION = YES;
				CLANG_WARN_OBJC_IMPLICIT_RETAIN_SELF = YES;
				CLANG_WARN_OBJC_LITERAL_CONVERSION = YES;
				CLANG_WARN_OBJC_ROOT_CLASS = YES_ERROR;
				CLANG_WARN_RANGE_LOOP_ANALYSIS = YES;
				CLANG_WARN_STRICT_PROTOTYPES = YES;
				CLANG_WARN_SUSPICIOUS_MOVE = YES;
				CLANG_WARN_UNGUARDED_AVAILABILITY = YES_AGGRESSIVE;
				CLANG_WARN_UNREACHABLE_CODE = YES;
				CLANG_WARN__DUPLICATE_METHOD_MATCH = YES;
				COPY_PHASE_STRIP = NO;
				DEBUG_INFORMATION_FORMAT = "dwarf-with-dsym";
				ENABLE_NS_ASSERTIONS = NO;
				ENABLE_STRICT_OBJC_MSGSEND = YES;
				GCC_C_LANGUAGE_STANDARD = gnu11;
				GCC_NO_COMMON_BLOCKS = YES;
				GCC_WARN_64_TO_32_BIT_CONVERSION = YES;
				GCC_WARN_ABOUT_RETURN_TYPE = YES_ERROR;
				GCC_WARN_UNDECLARED_SELECTOR = YES;
				GCC_WARN_UNINITIALIZED_AUTOS = YES_AGGRESSIVE;
				GCC_WARN_UNUSED_FUNCTION = YES;
				GCC_WARN_UNUSED_VARIABLE = YES;
				IPHONEOS_DEPLOYMENT_TARGET = 13.2;
				MTL_ENABLE_DEBUG_INFO = NO;
				MTL_FAST_MATH = YES;
				SDKROOT = iphoneos;
				SWIFT_COMPILATION_MODE = wholemodule;
				SWIFT_OPTIMIZATION_LEVEL = "-O";
				VALIDATE_PRODUCT = YES;
			};
			name = Release;
		};
		834B702523D0951B00CC3BA2 /* Debug */ = {
			isa = XCBuildConfiguration;
			buildSettings = {
				ASSETCATALOG_COMPILER_APPICON_NAME = AppIcon;
				CODE_SIGN_ENTITLEMENTS = PlanningPoker/PlanningPoker.entitlements;
				CODE_SIGN_IDENTITY = "Apple Development";
				CODE_SIGN_STYLE = Automatic;
				CURRENT_PROJECT_VERSION = 48;
				DEVELOPMENT_ASSET_PATHS = "\"PlanningPoker/Preview Content\"";
				DEVELOPMENT_TEAM = 738626FVRF;
				ENABLE_PREVIEWS = YES;
				INFOPLIST_FILE = PlanningPoker/Info.plist;
				LD_RUNPATH_SEARCH_PATHS = (
					"$(inherited)",
					"@executable_path/Frameworks",
				);
				PRODUCT_BUNDLE_IDENTIFIER = "cc.codecentric.planning-poker";
				PRODUCT_NAME = "Planning Poker";
				PROVISIONING_PROFILE_SPECIFIER = "";
				SWIFT_VERSION = 5.0;
				TARGETED_DEVICE_FAMILY = "1,2";
				VERSIONING_SYSTEM = "apple-generic";
			};
			name = Debug;
		};
		834B702623D0951B00CC3BA2 /* Release */ = {
			isa = XCBuildConfiguration;
			buildSettings = {
				ASSETCATALOG_COMPILER_APPICON_NAME = AppIcon;
				CODE_SIGN_ENTITLEMENTS = PlanningPoker/PlanningPoker.entitlements;
				CODE_SIGN_IDENTITY = "Apple Development";
				CODE_SIGN_STYLE = Automatic;
				CURRENT_PROJECT_VERSION = 48;
				DEVELOPMENT_ASSET_PATHS = "\"PlanningPoker/Preview Content\"";
				DEVELOPMENT_TEAM = 738626FVRF;
				ENABLE_PREVIEWS = YES;
				INFOPLIST_FILE = PlanningPoker/Info.plist;
				LD_RUNPATH_SEARCH_PATHS = (
					"$(inherited)",
					"@executable_path/Frameworks",
				);
				PRODUCT_BUNDLE_IDENTIFIER = "cc.codecentric.planning-poker";
				PRODUCT_NAME = "Planning Poker";
				PROVISIONING_PROFILE_SPECIFIER = "";
				SWIFT_VERSION = 5.0;
				TARGETED_DEVICE_FAMILY = "1,2";
				VERSIONING_SYSTEM = "apple-generic";
			};
			name = Release;
		};
		834B702823D0951B00CC3BA2 /* Debug */ = {
			isa = XCBuildConfiguration;
			buildSettings = {
				ALWAYS_EMBED_SWIFT_STANDARD_LIBRARIES = YES;
				BUNDLE_LOADER = "$(TEST_HOST)";
				CODE_SIGN_STYLE = Automatic;
				DEVELOPMENT_TEAM = 738626FVRF;
				INFOPLIST_FILE = PlanningPokerTests/Info.plist;
				IPHONEOS_DEPLOYMENT_TARGET = 13.2;
				LD_RUNPATH_SEARCH_PATHS = (
					"$(inherited)",
					"@executable_path/Frameworks",
					"@loader_path/Frameworks",
				);
				PRODUCT_BUNDLE_IDENTIFIER = de.codecentric.PlanningPokerTests;
				PRODUCT_NAME = "$(TARGET_NAME)";
				SWIFT_VERSION = 5.0;
				TARGETED_DEVICE_FAMILY = "1,2";
				TEST_HOST = "$(BUILT_PRODUCTS_DIR)/Planning Poker.app/Planning Poker";
			};
			name = Debug;
		};
		834B702923D0951B00CC3BA2 /* Release */ = {
			isa = XCBuildConfiguration;
			buildSettings = {
				ALWAYS_EMBED_SWIFT_STANDARD_LIBRARIES = YES;
				BUNDLE_LOADER = "$(TEST_HOST)";
				CODE_SIGN_STYLE = Automatic;
				DEVELOPMENT_TEAM = 738626FVRF;
				INFOPLIST_FILE = PlanningPokerTests/Info.plist;
				IPHONEOS_DEPLOYMENT_TARGET = 13.2;
				LD_RUNPATH_SEARCH_PATHS = (
					"$(inherited)",
					"@executable_path/Frameworks",
					"@loader_path/Frameworks",
				);
				PRODUCT_BUNDLE_IDENTIFIER = de.codecentric.PlanningPokerTests;
				PRODUCT_NAME = "$(TARGET_NAME)";
				SWIFT_VERSION = 5.0;
				TARGETED_DEVICE_FAMILY = "1,2";
				TEST_HOST = "$(BUILT_PRODUCTS_DIR)/Planning Poker.app/Planning Poker";
			};
			name = Release;
		};
		83EA2C8E23E456F3003DE6AE /* Debug */ = {
			isa = XCBuildConfiguration;
			buildSettings = {
				CODE_SIGN_STYLE = Automatic;
				DEVELOPMENT_TEAM = 738626FVRF;
				INFOPLIST_FILE = PlanningPokerUITests/Info.plist;
				LD_RUNPATH_SEARCH_PATHS = (
					"$(inherited)",
					"@executable_path/Frameworks",
					"@loader_path/Frameworks",
				);
				PRODUCT_BUNDLE_IDENTIFIER = "de.codecentric.Planning-PokerUITests";
				PRODUCT_NAME = "$(TARGET_NAME)";
				SWIFT_VERSION = 5.0;
				TARGETED_DEVICE_FAMILY = "1,2";
				TEST_TARGET_NAME = PlanningPoker;
			};
			name = Debug;
		};
		83EA2C8F23E456F3003DE6AE /* Release */ = {
			isa = XCBuildConfiguration;
			buildSettings = {
				CODE_SIGN_STYLE = Automatic;
				DEVELOPMENT_TEAM = 738626FVRF;
				INFOPLIST_FILE = PlanningPokerUITests/Info.plist;
				LD_RUNPATH_SEARCH_PATHS = (
					"$(inherited)",
					"@executable_path/Frameworks",
					"@loader_path/Frameworks",
				);
				PRODUCT_BUNDLE_IDENTIFIER = "de.codecentric.Planning-PokerUITests";
				PRODUCT_NAME = "$(TARGET_NAME)";
				SWIFT_VERSION = 5.0;
				TARGETED_DEVICE_FAMILY = "1,2";
				TEST_TARGET_NAME = PlanningPoker;
			};
			name = Release;
		};
/* End XCBuildConfiguration section */

/* Begin XCConfigurationList section */
		834B700023D0951800CC3BA2 /* Build configuration list for PBXProject "PlanningPoker" */ = {
			isa = XCConfigurationList;
			buildConfigurations = (
				834B702223D0951B00CC3BA2 /* Debug */,
				834B702323D0951B00CC3BA2 /* Release */,
			);
			defaultConfigurationIsVisible = 0;
			defaultConfigurationName = Release;
		};
		834B702423D0951B00CC3BA2 /* Build configuration list for PBXNativeTarget "PlanningPoker" */ = {
			isa = XCConfigurationList;
			buildConfigurations = (
				834B702523D0951B00CC3BA2 /* Debug */,
				834B702623D0951B00CC3BA2 /* Release */,
			);
			defaultConfigurationIsVisible = 0;
			defaultConfigurationName = Release;
		};
		834B702723D0951B00CC3BA2 /* Build configuration list for PBXNativeTarget "PlanningPokerTests" */ = {
			isa = XCConfigurationList;
			buildConfigurations = (
				834B702823D0951B00CC3BA2 /* Debug */,
				834B702923D0951B00CC3BA2 /* Release */,
			);
			defaultConfigurationIsVisible = 0;
			defaultConfigurationName = Release;
		};
		83EA2C8D23E456F3003DE6AE /* Build configuration list for PBXNativeTarget "PlanningPokerUITests" */ = {
			isa = XCConfigurationList;
			buildConfigurations = (
				83EA2C8E23E456F3003DE6AE /* Debug */,
				83EA2C8F23E456F3003DE6AE /* Release */,
			);
			defaultConfigurationIsVisible = 0;
			defaultConfigurationName = Release;
		};
/* End XCConfigurationList section */

/* Begin XCRemoteSwiftPackageReference section */
		F54BEDC623DF3B3B0095E098 /* XCRemoteSwiftPackageReference "SDWebImageSwiftUI" */ = {
			isa = XCRemoteSwiftPackageReference;
			repositoryURL = "https://github.com/SDWebImage/SDWebImageSwiftUI.git";
			requirement = {
				kind = upToNextMajorVersion;
				minimumVersion = 0.10.2;
			};
		};
		F578883423D0A7380019DF23 /* XCRemoteSwiftPackageReference "Starscream" */ = {
			isa = XCRemoteSwiftPackageReference;
			repositoryURL = "https://github.com/daltoniam/Starscream.git";
			requirement = {
				kind = revision;
				revision = 48a8a2cb9d704aa21f2031e181d132d2fd13df6c;
			};
		};
		F57B768B23D1CD2700732C71 /* XCRemoteSwiftPackageReference "Nimble" */ = {
			isa = XCRemoteSwiftPackageReference;
			repositoryURL = "https://github.com/Quick/Nimble.git";
			requirement = {
				kind = exactVersion;
				version = 8.0.2;
			};
		};
/* End XCRemoteSwiftPackageReference section */

/* Begin XCSwiftPackageProductDependency section */
		83376DF323D86F4100AFBAEA /* Nimble */ = {
			isa = XCSwiftPackageProductDependency;
			package = F57B768B23D1CD2700732C71 /* XCRemoteSwiftPackageReference "Nimble" */;
			productName = Nimble;
		};
		F54BEDC723DF3B3B0095E098 /* SDWebImageSwiftUI */ = {
			isa = XCSwiftPackageProductDependency;
			package = F54BEDC623DF3B3B0095E098 /* XCRemoteSwiftPackageReference "SDWebImageSwiftUI" */;
			productName = SDWebImageSwiftUI;
		};
		F578883523D0A7380019DF23 /* Starscream */ = {
			isa = XCSwiftPackageProductDependency;
			package = F578883423D0A7380019DF23 /* XCRemoteSwiftPackageReference "Starscream" */;
			productName = Starscream;
		};
/* End XCSwiftPackageProductDependency section */
	};
	rootObject = 834B6FFD23D0951800CC3BA2 /* Project object */;
}
