{
  "object": {
    "pins": [
      {
        "package": "Nimble",
        "repositoryURL": "https://github.com/Quick/Nimble.git",
        "state": {
          "branch": null,
          "revision": "f8657642dfdec9973efc79cc68bcef43a653a2bc",
          "version": "8.0.2"
        }
      },
      {
        "package": "SDWebImage",
        "repositoryURL": "https://github.com/SDWebImage/SDWebImage.git",
        "state": {
          "branch": null,
          "revision": "aa7ff6f060d8f34d2c66a716aefff1a3bc9ef816",
          "version": "5.5.2"
        }
      },
      {
        "package": "SDWebImageSwiftUI",
        "repositoryURL": "https://github.com/SDWebImage/SDWebImageSwiftUI.git",
        "state": {
          "branch": null,
          "revision": "7e92d42ee51c8263a862dce2a7f64f391f98096a",
          "version": "0.10.2"
        }
      },
      {
        "package": "Starscream",
        "repositoryURL": "https://github.com/daltoniam/Starscream.git",
        "state": {
          "branch": null,
          "revision": "48a8a2cb9d704aa21f2031e181d132d2fd13df6c",
          "version": null
        }
      },
      {
        "package": "swift-nio-zlib-support",
        "repositoryURL": "https://github.com/apple/swift-nio-zlib-support.git",
        "state": {
          "branch": null,
          "revision": "37760e9a52030bb9011972c5213c3350fa9d41fd",
          "version": "1.0.0"
        }
      }
    ]
  },
  "version": 1
}
